
Microsoft Visual Studio Solution File, Format Version 12.00
# Visual Studio Version 17
VisualStudioVersion = 17.10.35027.167
MinimumVisualStudioVersion = 10.0.40219.1
Project("{FAE04EC0-301F-11D3-BF4B-00C04F79EFBC}") = "Game_TicTacToe", "Game_TicTacToe\Game_TicTacToe.csproj", "{461235C2-10B1-4ADD-B296-4ED3C3B54A66}"
EndProject
Global
	GlobalSection(SolutionConfigurationPlatforms) = preSolution
		Debug|Any CPU = Debug|Any CPU
		Release|Any CPU = Release|Any CPU
	EndGlobalSection
	GlobalSection(ProjectConfigurationPlatforms) = postSolution
		{461235C2-10B1-4ADD-B296-4ED3C3B54A66}.Debug|Any CPU.ActiveCfg = Debug|Any CPU
		{461235C2-10B1-4ADD-B296-4ED3C3B54A66}.Debug|Any CPU.Build.0 = Debug|Any CPU
		{461235C2-10B1-4ADD-B296-4ED3C3B54A66}.Release|Any CPU.ActiveCfg = Release|Any CPU
		{461235C2-10B1-4ADD-B296-4ED3C3B54A66}.Release|Any CPU.Build.0 = Release|Any CPU
	EndGlobalSection
	GlobalSection(SolutionProperties) = preSolution
		HideSolutionNode = FALSE
	EndGlobalSection
	GlobalSection(ExtensibilityGlobals) = postSolution
		SolutionGuid = {BB7930D1-C629-40A4-9A0D-29B9E725915B}
	EndGlobalSection
EndGlobal
